
Microsoft Visual Studio Solution File, Format Version 12.00
# Visual Studio Version 16
VisualStudioVersion = 16.0.31729.503
MinimumVisualStudioVersion = 10.0.40219.1
Project("{FAE04EC0-301F-11D3-BF4B-00C04F79EFBC}") = "BANK", "Transferência bancária\BANK.csproj", "{3654BCEB-0C40-414D-8568-A49BFB6A3C31}"
EndProject
Global
	GlobalSection(SolutionConfigurationPlatforms) = preSolution
		Debug|Any CPU = Debug|Any CPU
		Release|Any CPU = Release|Any CPU
	EndGlobalSection
	GlobalSection(ProjectConfigurationPlatforms) = postSolution
		{3654BCEB-0C40-414D-8568-A49BFB6A3C31}.Debug|Any CPU.ActiveCfg = Debug|Any CPU
		{3654BCEB-0C40-414D-8568-A49BFB6A3C31}.Debug|Any CPU.Build.0 = Debug|Any CPU
		{3654BCEB-0C40-414D-8568-A49BFB6A3C31}.Release|Any CPU.ActiveCfg = Release|Any CPU
		{3654BCEB-0C40-414D-8568-A49BFB6A3C31}.Release|Any CPU.Build.0 = Release|Any CPU
	EndGlobalSection
	GlobalSection(SolutionProperties) = preSolution
		HideSolutionNode = FALSE
	EndGlobalSection
	GlobalSection(ExtensibilityGlobals) = postSolution
		SolutionGuid = {E96D908C-8C88-4490-8A14-4496B97B459C}
	EndGlobalSection
EndGlobal
